// !$*UTF8*$!
{
	archiveVersion = 1;
	classes = {
	};
	objectVersion = 50;
	objects = {

/* Begin PBXBuildFile section */
		AC775040240D7CB900641A1F /* AppDelegate.swift in Sources */ = {isa = PBXBuildFile; fileRef = AC77503F240D7CB900641A1F /* AppDelegate.swift */; };
		AC775042240D7CB900641A1F /* SceneDelegate.swift in Sources */ = {isa = PBXBuildFile; fileRef = AC775041240D7CB900641A1F /* SceneDelegate.swift */; };
		AC775047240D7CB900641A1F /* Main.storyboard in Resources */ = {isa = PBXBuildFile; fileRef = AC775045240D7CB900641A1F /* Main.storyboard */; };
		AC775049240D7CBB00641A1F /* Assets.xcassets in Resources */ = {isa = PBXBuildFile; fileRef = AC775048240D7CBB00641A1F /* Assets.xcassets */; };
		AC77504C240D7CBB00641A1F /* LaunchScreen.storyboard in Resources */ = {isa = PBXBuildFile; fileRef = AC77504A240D7CBB00641A1F /* LaunchScreen.storyboard */; };
		AC775055240D7CF900641A1F /* Setting.swift in Sources */ = {isa = PBXBuildFile; fileRef = AC775054240D7CF900641A1F /* Setting.swift */; };
		AC77505A240D7DFA00641A1F /* SettingsController.swift in Sources */ = {isa = PBXBuildFile; fileRef = AC775059240D7DFA00641A1F /* SettingsController.swift */; };
		AC77505C240D909100641A1F /* SettingsListTableViewController.swift in Sources */ = {isa = PBXBuildFile; fileRef = AC77505B240D909100641A1F /* SettingsListTableViewController.swift */; };
		AC77505F240D90EF00641A1F /* SettingTableViewCell.swift in Sources */ = {isa = PBXBuildFile; fileRef = AC77505E240D90EF00641A1F /* SettingTableViewCell.swift */; };
/* End PBXBuildFile section */

/* Begin PBXFileReference section */
		AC77503C240D7CB900641A1F /* Settings.app */ = {isa = PBXFileReference; explicitFileType = wrapper.application; includeInIndex = 0; path = Settings.app; sourceTree = BUILT_PRODUCTS_DIR; };
		AC77503F240D7CB900641A1F /* AppDelegate.swift */ = {isa = PBXFileReference; lastKnownFileType = sourcecode.swift; path = AppDelegate.swift; sourceTree = "<group>"; };
		AC775041240D7CB900641A1F /* SceneDelegate.swift */ = {isa = PBXFileReference; lastKnownFileType = sourcecode.swift; path = SceneDelegate.swift; sourceTree = "<group>"; };
		AC775046240D7CB900641A1F /* Base */ = {isa = PBXFileReference; lastKnownFileType = file.storyboard; name = Base; path = Base.lproj/Main.storyboard; sourceTree = "<group>"; };
		AC775048240D7CBB00641A1F /* Assets.xcassets */ = {isa = PBXFileReference; lastKnownFileType = folder.assetcatalog; path = Assets.xcassets; sourceTree = "<group>"; };
		AC77504B240D7CBB00641A1F /* Base */ = {isa = PBXFileReference; lastKnownFileType = file.storyboard; name = Base; path = Base.lproj/LaunchScreen.storyboard; sourceTree = "<group>"; };
		AC77504D240D7CBB00641A1F /* Info.plist */ = {isa = PBXFileReference; lastKnownFileType = text.plist.xml; path = Info.plist; sourceTree = "<group>"; };
		AC775054240D7CF900641A1F /* Setting.swift */ = {isa = PBXFileReference; lastKnownFileType = sourcecode.swift; path = Setting.swift; sourceTree = "<group>"; };
		AC775059240D7DFA00641A1F /* SettingsController.swift */ = {isa = PBXFileReference; lastKnownFileType = sourcecode.swift; path = SettingsController.swift; sourceTree = "<group>"; };
		AC77505B240D909100641A1F /* SettingsListTableViewController.swift */ = {isa = PBXFileReference; lastKnownFileType = sourcecode.swift; path = SettingsListTableViewController.swift; sourceTree = "<group>"; };
		AC77505E240D90EF00641A1F /* SettingTableViewCell.swift */ = {isa = PBXFileReference; lastKnownFileType = sourcecode.swift; path = SettingTableViewCell.swift; sourceTree = "<group>"; };
/* End PBXFileReference section */

/* Begin PBXFrameworksBuildPhase section */
		AC775039240D7CB900641A1F /* Frameworks */ = {
			isa = PBXFrameworksBuildPhase;
			buildActionMask = 2147483647;
			files = (
			);
			runOnlyForDeploymentPostprocessing = 0;
		};
/* End PBXFrameworksBuildPhase section */

/* Begin PBXGroup section */
		AC775033240D7CB900641A1F = {
			isa = PBXGroup;
			children = (
				AC77503E240D7CB900641A1F /* Settings */,
				AC77503D240D7CB900641A1F /* Products */,
			);
			sourceTree = "<group>";
		};
		AC77503D240D7CB900641A1F /* Products */ = {
			isa = PBXGroup;
			children = (
				AC77503C240D7CB900641A1F /* Settings.app */,
			);
			name = Products;
			sourceTree = "<group>";
		};
		AC77503E240D7CB900641A1F /* Settings */ = {
			isa = PBXGroup;
			children = (
				AC77505D240D909A00641A1F /* View Controllers */,
				AC775058240D7DDA00641A1F /* Model Controllers */,
				AC775057240D7DA600641A1F /* Storyboard */,
				AC775056240D7D6E00641A1F /* Model */,
				AC775053240D7CD500641A1F /* Resources */,
			);
			path = Settings;
			sourceTree = "<group>";
		};
		AC775053240D7CD500641A1F /* Resources */ = {
			isa = PBXGroup;
			children = (
				AC77503F240D7CB900641A1F /* AppDelegate.swift */,
				AC775041240D7CB900641A1F /* SceneDelegate.swift */,
				AC775048240D7CBB00641A1F /* Assets.xcassets */,
				AC77504A240D7CBB00641A1F /* LaunchScreen.storyboard */,
				AC77504D240D7CBB00641A1F /* Info.plist */,
			);
			path = Resources;
			sourceTree = "<group>";
		};
		AC775056240D7D6E00641A1F /* Model */ = {
			isa = PBXGroup;
			children = (
				AC775054240D7CF900641A1F /* Setting.swift */,
			);
			path = Model;
			sourceTree = "<group>";
		};
		AC775057240D7DA600641A1F /* Storyboard */ = {
			isa = PBXGroup;
			children = (
				AC775045240D7CB900641A1F /* Main.storyboard */,
			);
			path = Storyboard;
			sourceTree = "<group>";
		};
		AC775058240D7DDA00641A1F /* Model Controllers */ = {
			isa = PBXGroup;
			children = (
				AC775059240D7DFA00641A1F /* SettingsController.swift */,
			);
			path = "Model Controllers";
			sourceTree = "<group>";
		};
		AC77505D240D909A00641A1F /* View Controllers */ = {
			isa = PBXGroup;
			children = (
				AC77505B240D909100641A1F /* SettingsListTableViewController.swift */,
				AC77505E240D90EF00641A1F /* SettingTableViewCell.swift */,
			);
			path = "View Controllers";
			sourceTree = "<group>";
		};
/* End PBXGroup section */

/* Begin PBXNativeTarget section */
		AC77503B240D7CB900641A1F /* Settings */ = {
			isa = PBXNativeTarget;
			buildConfigurationList = AC775050240D7CBB00641A1F /* Build configuration list for PBXNativeTarget "Settings" */;
			buildPhases = (
				AC775038240D7CB900641A1F /* Sources */,
				AC775039240D7CB900641A1F /* Frameworks */,
				AC77503A240D7CB900641A1F /* Resources */,
			);
			buildRules = (
			);
			dependencies = (
			);
			name = Settings;
			productName = Settings;
			productReference = AC77503C240D7CB900641A1F /* Settings.app */;
			productType = "com.apple.product-type.application";
		};
/* End PBXNativeTarget section */

/* Begin PBXProject section */
		AC775034240D7CB900641A1F /* Project object */ = {
			isa = PBXProject;
			attributes = {
				LastSwiftUpdateCheck = 1130;
				LastUpgradeCheck = 1130;
				ORGANIZATIONNAME = theevo;
				TargetAttributes = {
					AC77503B240D7CB900641A1F = {
						CreatedOnToolsVersion = 11.3.1;
					};
				};
			};
			buildConfigurationList = AC775037240D7CB900641A1F /* Build configuration list for PBXProject "Settings" */;
			compatibilityVersion = "Xcode 9.3";
			developmentRegion = en;
			hasScannedForEncodings = 0;
			knownRegions = (
				en,
				Base,
			);
			mainGroup = AC775033240D7CB900641A1F;
			productRefGroup = AC77503D240D7CB900641A1F /* Products */;
			projectDirPath = "";
			projectRoot = "";
			targets = (
				AC77503B240D7CB900641A1F /* Settings */,
			);
		};
/* End PBXProject section */

/* Begin PBXResourcesBuildPhase section */
		AC77503A240D7CB900641A1F /* Resources */ = {
			isa = PBXResourcesBuildPhase;
			buildActionMask = 2147483647;
			files = (
				AC77504C240D7CBB00641A1F /* LaunchScreen.storyboard in Resources */,
				AC775049240D7CBB00641A1F /* Assets.xcassets in Resources */,
				AC775047240D7CB900641A1F /* Main.storyboard in Resources */,
			);
			runOnlyForDeploymentPostprocessing = 0;
		};
/* End PBXResourcesBuildPhase section */

/* Begin PBXSourcesBuildPhase section */
		AC775038240D7CB900641A1F /* Sources */ = {
			isa = PBXSourcesBuildPhase;
			buildActionMask = 2147483647;
			files = (
				AC77505F240D90EF00641A1F /* SettingTableViewCell.swift in Sources */,
				AC77505A240D7DFA00641A1F /* SettingsController.swift in Sources */,
				AC775040240D7CB900641A1F /* AppDelegate.swift in Sources */,
				AC775055240D7CF900641A1F /* Setting.swift in Sources */,
				AC77505C240D909100641A1F /* SettingsListTableViewController.swift in Sources */,
				AC775042240D7CB900641A1F /* SceneDelegate.swift in Sources */,
			);
			runOnlyForDeploymentPostprocessing = 0;
		};
/* End PBXSourcesBuildPhase section */

/* Begin PBXVariantGroup section */
		AC775045240D7CB900641A1F /* Main.storyboard */ = {
			isa = PBXVariantGroup;
			children = (
				AC775046240D7CB900641A1F /* Base */,
			);
			name = Main.storyboard;
			sourceTree = "<group>";
		};
		AC77504A240D7CBB00641A1F /* LaunchScreen.storyboard */ = {
			isa = PBXVariantGroup;
			children = (
				AC77504B240D7CBB00641A1F /* Base */,
			);
			name = LaunchScreen.storyboard;
			sourceTree = "<group>";
		};
/* End PBXVariantGroup section */

/* Begin XCBuildConfiguration section */
		AC77504E240D7CBB00641A1F /* Debug */ = {
			isa = XCBuildConfiguration;
			buildSettings = {
				ALWAYS_SEARCH_USER_PATHS = NO;
				CLANG_ANALYZER_NONNULL = YES;
				CLANG_ANALYZER_NUMBER_OBJECT_CONVERSION = YES_AGGRESSIVE;
				CLANG_CXX_LANGUAGE_STANDARD = "gnu++14";
				CLANG_CXX_LIBRARY = "libc++";
				CLANG_ENABLE_MODULES = YES;
				CLANG_ENABLE_OBJC_ARC = YES;
				CLANG_ENABLE_OBJC_WEAK = YES;
				CLANG_WARN_BLOCK_CAPTURE_AUTORELEASING = YES;
				CLANG_WARN_BOOL_CONVERSION = YES;
				CLANG_WARN_COMMA = YES;
				CLANG_WARN_CONSTANT_CONVERSION = YES;
				CLANG_WARN_DEPRECATED_OBJC_IMPLEMENTATIONS = YES;
				CLANG_WARN_DIRECT_OBJC_ISA_USAGE = YES_ERROR;
				CLANG_WARN_DOCUMENTATION_COMMENTS = YES;
				CLANG_WARN_EMPTY_BODY = YES;
				CLANG_WARN_ENUM_CONVERSION = YES;
				CLANG_WARN_INFINITE_RECURSION = YES;
				CLANG_WARN_INT_CONVERSION = YES;
				CLANG_WARN_NON_LITERAL_NULL_CONVERSION = YES;
				CLANG_WARN_OBJC_IMPLICIT_RETAIN_SELF = YES;
				CLANG_WARN_OBJC_LITERAL_CONVERSION = YES;
				CLANG_WARN_OBJC_ROOT_CLASS = YES_ERROR;
				CLANG_WARN_RANGE_LOOP_ANALYSIS = YES;
				CLANG_WARN_STRICT_PROTOTYPES = YES;
				CLANG_WARN_SUSPICIOUS_MOVE = YES;
				CLANG_WARN_UNGUARDED_AVAILABILITY = YES_AGGRESSIVE;
				CLANG_WARN_UNREACHABLE_CODE = YES;
				CLANG_WARN__DUPLICATE_METHOD_MATCH = YES;
				COPY_PHASE_STRIP = NO;
				DEBUG_INFORMATION_FORMAT = dwarf;
				ENABLE_STRICT_OBJC_MSGSEND = YES;
				ENABLE_TESTABILITY = YES;
				GCC_C_LANGUAGE_STANDARD = gnu11;
				GCC_DYNAMIC_NO_PIC = NO;
				GCC_NO_COMMON_BLOCKS = YES;
				GCC_OPTIMIZATION_LEVEL = 0;
				GCC_PREPROCESSOR_DEFINITIONS = (
					"DEBUG=1",
					"$(inherited)",
				);
				GCC_WARN_64_TO_32_BIT_CONVERSION = YES;
				GCC_WARN_ABOUT_RETURN_TYPE = YES_ERROR;
				GCC_WARN_UNDECLARED_SELECTOR = YES;
				GCC_WARN_UNINITIALIZED_AUTOS = YES_AGGRESSIVE;
				GCC_WARN_UNUSED_FUNCTION = YES;
				GCC_WARN_UNUSED_VARIABLE = YES;
				IPHONEOS_DEPLOYMENT_TARGET = 13.2;
				MTL_ENABLE_DEBUG_INFO = INCLUDE_SOURCE;
				MTL_FAST_MATH = YES;
				ONLY_ACTIVE_ARCH = YES;
				SDKROOT = iphoneos;
				SWIFT_ACTIVE_COMPILATION_CONDITIONS = DEBUG;
				SWIFT_OPTIMIZATION_LEVEL = "-Onone";
			};
			name = Debug;
		};
		AC77504F240D7CBB00641A1F /* Release */ = {
			isa = XCBuildConfiguration;
			buildSettings = {
				ALWAYS_SEARCH_USER_PATHS = NO;
				CLANG_ANALYZER_NONNULL = YES;
				CLANG_ANALYZER_NUMBER_OBJECT_CONVERSION = YES_AGGRESSIVE;
				CLANG_CXX_LANGUAGE_STANDARD = "gnu++14";
				CLANG_CXX_LIBRARY = "libc++";
				CLANG_ENABLE_MODULES = YES;
				CLANG_ENABLE_OBJC_ARC = YES;
				CLANG_ENABLE_OBJC_WEAK = YES;
				CLANG_WARN_BLOCK_CAPTURE_AUTORELEASING = YES;
				CLANG_WARN_BOOL_CONVERSION = YES;
				CLANG_WARN_COMMA = YES;
				CLANG_WARN_CONSTANT_CONVERSION = YES;
				CLANG_WARN_DEPRECATED_OBJC_IMPLEMENTATIONS = YES;
				CLANG_WARN_DIRECT_OBJC_ISA_USAGE = YES_ERROR;
				CLANG_WARN_DOCUMENTATION_COMMENTS = YES;
				CLANG_WARN_EMPTY_BODY = YES;
				CLANG_WARN_ENUM_CONVERSION = YES;
				CLANG_WARN_INFINITE_RECURSION = YES;
				CLANG_WARN_INT_CONVERSION = YES;
				CLANG_WARN_NON_LITERAL_NULL_CONVERSION = YES;
				CLANG_WARN_OBJC_IMPLICIT_RETAIN_SELF = YES;
				CLANG_WARN_OBJC_LITERAL_CONVERSION = YES;
				CLANG_WARN_OBJC_ROOT_CLASS = YES_ERROR;
				CLANG_WARN_RANGE_LOOP_ANALYSIS = YES;
				CLANG_WARN_STRICT_PROTOTYPES = YES;
				CLANG_WARN_SUSPICIOUS_MOVE = YES;
				CLANG_WARN_UNGUARDED_AVAILABILITY = YES_AGGRESSIVE;
				CLANG_WARN_UNREACHABLE_CODE = YES;
				CLANG_WARN__DUPLICATE_METHOD_MATCH = YES;
				COPY_PHASE_STRIP = NO;
				DEBUG_INFORMATION_FORMAT = "dwarf-with-dsym";
				ENABLE_NS_ASSERTIONS = NO;
				ENABLE_STRICT_OBJC_MSGSEND = YES;
				GCC_C_LANGUAGE_STANDARD = gnu11;
				GCC_NO_COMMON_BLOCKS = YES;
				GCC_WARN_64_TO_32_BIT_CONVERSION = YES;
				GCC_WARN_ABOUT_RETURN_TYPE = YES_ERROR;
				GCC_WARN_UNDECLARED_SELECTOR = YES;
				GCC_WARN_UNINITIALIZED_AUTOS = YES_AGGRESSIVE;
				GCC_WARN_UNUSED_FUNCTION = YES;
				GCC_WARN_UNUSED_VARIABLE = YES;
				IPHONEOS_DEPLOYMENT_TARGET = 13.2;
				MTL_ENABLE_DEBUG_INFO = NO;
				MTL_FAST_MATH = YES;
				SDKROOT = iphoneos;
				SWIFT_COMPILATION_MODE = wholemodule;
				SWIFT_OPTIMIZATION_LEVEL = "-O";
				VALIDATE_PRODUCT = YES;
			};
			name = Release;
		};
		AC775051240D7CBB00641A1F /* Debug */ = {
			isa = XCBuildConfiguration;
			buildSettings = {
				ASSETCATALOG_COMPILER_APPICON_NAME = AppIcon;
				CODE_SIGN_STYLE = Automatic;
				INFOPLIST_FILE = Settings/Resources/Info.plist;
				LD_RUNPATH_SEARCH_PATHS = (
					"$(inherited)",
					"@executable_path/Frameworks",
				);
				PRODUCT_BUNDLE_IDENTIFIER = com.poundsand.Settings;
				PRODUCT_NAME = "$(TARGET_NAME)";
				SWIFT_VERSION = 5.0;
				TARGETED_DEVICE_FAMILY = "1,2";
			};
			name = Debug;
		};
		AC775052240D7CBB00641A1F /* Release */ = {
			isa = XCBuildConfiguration;
			buildSettings = {
				ASSETCATALOG_COMPILER_APPICON_NAME = AppIcon;
				CODE_SIGN_STYLE = Automatic;
				INFOPLIST_FILE = Settings/Resources/Info.plist;
				LD_RUNPATH_SEARCH_PATHS = (
					"$(inherited)",
					"@executable_path/Frameworks",
				);
				PRODUCT_BUNDLE_IDENTIFIER = com.poundsand.Settings;
				PRODUCT_NAME = "$(TARGET_NAME)";
				SWIFT_VERSION = 5.0;
				TARGETED_DEVICE_FAMILY = "1,2";
			};
			name = Release;
		};
/* End XCBuildConfiguration section */

/* Begin XCConfigurationList section */
		AC775037240D7CB900641A1F /* Build configuration list for PBXProject "Settings" */ = {
			isa = XCConfigurationList;
			buildConfigurations = (
				AC77504E240D7CBB00641A1F /* Debug */,
				AC77504F240D7CBB00641A1F /* Release */,
			);
			defaultConfigurationIsVisible = 0;
			defaultConfigurationName = Release;
		};
		AC775050240D7CBB00641A1F /* Build configuration list for PBXNativeTarget "Settings" */ = {
			isa = XCConfigurationList;
			buildConfigurations = (
				AC775051240D7CBB00641A1F /* Debug */,
				AC775052240D7CBB00641A1F /* Release */,
			);
			defaultConfigurationIsVisible = 0;
			defaultConfigurationName = Release;
		};
/* End XCConfigurationList section */
	};
	rootObject = AC775034240D7CB900641A1F /* Project object */;
}
